Microsoft1111 Visual Studio Solution File, Format Version 11.00
# Visual Studio 2008

Project("{8D0BE41A-B587-51F3-FE6F-B5AA87B0E794}") = "Wire", "Assembly-CSharp.csproj", "{F6355D29-70B6-E9B3-4D13-78F58561C358}"
EndProject
Global
	GlobalSection(SolutionConfigurationPlatforms) = preSolution
		Debug|Any CPU = Debug|Any CPU
		Release|Any CPU = Release|Any CPU
	EndGlobalSection
	GlobalSection(ProjectConfigurationPlatforms) = postSolution
		{F6355D29-70B6-E9B3-4D13-78F58561C358}.Debug|Any CPU.ActiveCfg = Debug|Any CPU
		{F6355D29-70B6-E9B3-4D13-78F58561C358}.Debug|Any CPU.Build.0 = Debug|Any CPU
		{F6355D29-70B6-E9B3-4D13-78F58561C358}.Release|Any CPU.ActiveCfg = Release|Any CPU
		{F6355D29-70B6-E9B3-4D13-78F58561C358}.Release|Any CPU.Build.0 = Release|Any CPU
	EndGlobalSection
	GlobalSection(SolutionProperties) = preSolution
		HideSolutionNode = FALSE
	EndGlobalSection
	GlobalSection(MonoDevelopProperties) = preSolution
		StartupItem = Assembly-CSharp.csproj
	EndGlobalSection
EndGlobal
